
Microsoft Visual Studio Solution File, Format Version 12.00
# Visual Studio Version 17
VisualStudioVersion = 17.14.36414.22
MinimumVisualStudioVersion = 10.0.40219.1
Project("{FAE04EC0-301F-11D3-BF4B-00C04F79EFBC}") = "DailySpendServer", "DailySpendServer\DailySpendServer.csproj", "{AADF535C-5FB1-48BC-9A59-9CBC22DAB189}"
EndProject
Project("{FAE04EC0-301F-11D3-BF4B-00C04F79EFBC}") = "DailySpendBot", "DailySpendBot\DailySpendBot.csproj", "{BC1D68C2-01FE-49E1-B1E4-64B7AD37015E}"
EndProject
Global
	GlobalSection(SolutionConfigurationPlatforms) = preSolution
		Debug|Any CPU = Debug|Any CPU
		Release|Any CPU = Release|Any CPU
	EndGlobalSection
	GlobalSection(ProjectConfigurationPlatforms) = postSolution
		{AADF535C-5FB1-48BC-9A59-9CBC22DAB189}.Debug|Any CPU.ActiveCfg = Debug|Any CPU
		{AADF535C-5FB1-48BC-9A59-9CBC22DAB189}.Debug|Any CPU.Build.0 = Debug|Any CPU
		{AADF535C-5FB1-48BC-9A59-9CBC22DAB189}.Release|Any CPU.ActiveCfg = Release|Any CPU
		{AADF535C-5FB1-48BC-9A59-9CBC22DAB189}.Release|Any CPU.Build.0 = Release|Any CPU
		{BC1D68C2-01FE-49E1-B1E4-64B7AD37015E}.Debug|Any CPU.ActiveCfg = Debug|Any CPU
		{BC1D68C2-01FE-49E1-B1E4-64B7AD37015E}.Debug|Any CPU.Build.0 = Debug|Any CPU
		{BC1D68C2-01FE-49E1-B1E4-64B7AD37015E}.Release|Any CPU.ActiveCfg = Release|Any CPU
		{BC1D68C2-01FE-49E1-B1E4-64B7AD37015E}.Release|Any CPU.Build.0 = Release|Any CPU
	EndGlobalSection
	GlobalSection(SolutionProperties) = preSolution
		HideSolutionNode = FALSE
	EndGlobalSection
	GlobalSection(ExtensibilityGlobals) = postSolution
		SolutionGuid = {AA522E04-502A-4412-BE42-B2930A31DD23}
	EndGlobalSection
EndGlobal
